{
  "version": 4,
  "terraform_version": "1.7.4",
  "serial": 101,
  "lineage": "7e50e98d-fa93-cb90-1a8b-cc6984d18ccf",
  "outputs": {},
  "resources": [
    {
      "mode": "data",
      "type": "archive_file",
      "name": "aws_ec2_security_group_lambda",
      "provider": "provider[\"registry.terraform.io/hashicorp/archive\"]",
      "instances": [
        {
          "schema_version": 0,
          "attributes": {
            "exclude_symlink_directories": null,
            "excludes": null,
            "id": "3f4dedaca79a643fa1b7ef6162388a9e9b082d7e",
            "output_base64sha256": "rqLF1Hpv7IOQwuj2jkTq/pI1GohoT+LKt5NHK9nA63c=",
            "output_base64sha512": "7Sukhlz/WUva4dIBS1X/pwJNI+/Vept2sISnSpMmImt/Up7cggQbG65l26BWtTYqJps72MZkbG5nrd5wmomLBg==",
            "output_file_mode": null,
            "output_md5": "208599c7c7303b72257da12ac8cddd5d",
            "output_path": "./tmp/aws_ec2_security_group_delete.zip",
            "output_sha": "3f4dedaca79a643fa1b7ef6162388a9e9b082d7e",
            "output_sha256": "aea2c5d47a6fec8390c2e8f68e44eafe92351a88684fe2cab793472bd9c0eb77",
            "output_sha512": "ed2ba4865cff594bdae1d2014b55ffa7024d23efd57a9b76b084a74a9326226b7f529edc82041b1bae65dba056b5362a269b3bd8c6646c6e67adde709a898b06",
            "output_size": 764,
            "source": [],
            "source_content": null,
            "source_content_filename": null,
            "source_dir": "./lambda/aws_ec2_security_group_delete/",
            "source_file": null,
            "type": "zip"
          },
          "sensitive_attributes": []
        }
      ]
    },
    {
      "mode": "data",
      "type": "aws_iam_policy_document",
      "name": "assume_role",
      "provider": "provider[\"registry.terraform.io/hashicorp/aws\"]",
      "instances": [
        {
          "schema_version": 0,
          "attributes": {
            "id": "2690255455",
            "json": "{\n  \"Version\": \"2012-10-17\",\n  \"Statement\": [\n    {\n      \"Effect\": \"Allow\",\n      \"Action\": \"sts:AssumeRole\",\n      \"Principal\": {\n        \"Service\": \"lambda.amazonaws.com\"\n      }\n    }\n  ]\n}",
            "override_policy_documents": null,
            "policy_id": null,
            "source_policy_documents": null,
            "statement": [
              {
                "actions": [
                  "sts:AssumeRole"
                ],
                "condition": [],
                "effect": "Allow",
                "not_actions": [],
                "not_principals": [],
                "not_resources": [],
                "principals": [
                  {
                    "identifiers": [
                      "lambda.amazonaws.com"
                    ],
                    "type": "Service"
                  }
                ],
                "resources": [],
                "sid": ""
              }
            ],
            "version": "2012-10-17"
          },
          "sensitive_attributes": []
        }
      ]
    },
    {
      "mode": "data",
      "type": "aws_iam_policy_document",
      "name": "aws_ec2_security_group_delete_lambda",
      "provider": "provider[\"registry.terraform.io/hashicorp/aws\"]",
      "instances": [
        {
          "schema_version": 0,
          "attributes": {
            "id": "2082891625",
            "json": "{\n  \"Version\": \"2012-10-17\",\n  \"Statement\": [\n    {\n      \"Effect\": \"Allow\",\n      \"Action\": [\n        \"lambda:*\",\n        \"ec2:*\",\n        \"cloudwatch:*\"\n      ],\n      \"Resource\": \"*\"\n    }\n  ]\n}",
            "override_policy_documents": null,
            "policy_id": null,
            "source_policy_documents": null,
            "statement": [
              {
                "actions": [
                  "cloudwatch:*",
                  "ec2:*",
                  "lambda:*"
                ],
                "condition": [],
                "effect": "Allow",
                "not_actions": [],
                "not_principals": [],
                "not_resources": [],
                "principals": [],
                "resources": [
                  "*"
                ],
                "sid": ""
              }
            ],
            "version": "2012-10-17"
          },
          "sensitive_attributes": []
        }
      ]
    },
    {
      "mode": "managed",
      "type": "aws_cloudwatch_event_rule",
      "name": "hourly",
      "provider": "provider[\"registry.terraform.io/hashicorp/aws\"]",
      "instances": [
        {
          "schema_version": 1,
          "attributes": {
            "arn": "arn:aws:events:eu-west-1:139096224719:rule/30_days_invocation_ec2_security_group",
            "description": "Trigger Lambda 30 days",
            "event_bus_name": "default",
            "event_pattern": null,
            "id": "30_days_invocation_ec2_security_group",
            "is_enabled": true,
            "name": "30_days_invocation_ec2_security_group",
            "name_prefix": "",
            "role_arn": "",
            "schedule_expression": "rate(30 days)",
            "state": "ENABLED",
            "tags": null,
            "tags_all": {
              "environment": "pg",
              "name": "EC2 Security Group Clean-up",
              "organisation": "tombolaltd",
              "repo": "TBC",
              "team": "INFOSEC",
              "tenant": "Core"
            }
          },
          "sensitive_attributes": [],
          "private": "eyJzY2hlbWFfdmVyc2lvbiI6IjEifQ=="
        }
      ]
    },
    {
      "mode": "managed",
      "type": "aws_cloudwatch_event_target",
      "name": "aws_ec2_security_group_delete",
      "provider": "provider[\"registry.terraform.io/hashicorp/aws\"]",
      "instances": [
        {
          "schema_version": 1,
          "attributes": {
            "arn": "arn:aws:lambda:eu-west-1:139096224719:function:aws_ec2_security_group_delete",
            "batch_target": [],
            "dead_letter_config": [],
            "ecs_target": [],
            "event_bus_name": "default",
            "http_target": [],
            "id": "30_days_invocation_ec2_security_group-SendToLambda",
            "input": "",
            "input_path": "",
            "input_transformer": [],
            "kinesis_target": [],
            "redshift_target": [],
            "retry_policy": [],
            "role_arn": "",
            "rule": "30_days_invocation_ec2_security_group",
            "run_command_targets": [],
            "sagemaker_pipeline_target": [],
            "sqs_target": [],
            "target_id": "SendToLambda"
          },
          "sensitive_attributes": [],
          "private": "eyJzY2hlbWFfdmVyc2lvbiI6IjEifQ==",
          "dependencies": [
            "aws_cloudwatch_event_rule.hourly",
            "aws_iam_role.aws_ec2_security_group_delete_lambda",
            "aws_lambda_function.aws_ec2_security_group_delete",
            "data.archive_file.aws_ec2_security_group_lambda",
            "data.aws_iam_policy_document.assume_role"
          ]
        }
      ]
    },
    {
      "mode": "managed",
      "type": "aws_iam_policy",
      "name": "aws_ec2_security_group_delete_lambda",
      "provider": "provider[\"registry.terraform.io/hashicorp/aws\"]",
      "instances": [
        {
          "schema_version": 0,
          "attributes": {
            "arn": "arn:aws:iam::139096224719:policy/aws_ec2_security_group_delete",
            "description": "Provides full access to EC2 and Lambda",
            "id": "arn:aws:iam::139096224719:policy/aws_ec2_security_group_delete",
            "name": "aws_ec2_security_group_delete",
            "name_prefix": "",
            "path": "/",
            "policy": "{\"Statement\":[{\"Action\":[\"lambda:*\",\"ec2:*\",\"cloudwatch:*\"],\"Effect\":\"Allow\",\"Resource\":\"*\"}],\"Version\":\"2012-10-17\"}",
            "policy_id": "ANPASAYWH6PH42S3PZTOC",
            "tags": null,
            "tags_all": {
              "environment": "pg",
              "name": "EC2 Security Group Clean-up",
              "organisation": "tombolaltd",
              "repo": "TBC",
              "team": "INFOSEC",
              "tenant": "Core"
            }
          },
          "sensitive_attributes": [],
          "private": "bnVsbA==",
          "dependencies": [
            "data.aws_iam_policy_document.aws_ec2_security_group_delete_lambda"
          ]
        }
      ]
    },
    {
      "mode": "managed",
      "type": "aws_iam_role",
      "name": "aws_ec2_security_group_delete_lambda",
      "provider": "provider[\"registry.terraform.io/hashicorp/aws\"]",
      "instances": [
        {
          "schema_version": 0,
          "attributes": {
            "arn": "arn:aws:iam::139096224719:role/aws_ec2_security_group_delete_lambda",
            "assume_role_policy": "{\"Statement\":[{\"Action\":\"sts:AssumeRole\",\"Effect\":\"Allow\",\"Principal\":{\"Service\":\"lambda.amazonaws.com\"}}],\"Version\":\"2012-10-17\"}",
            "create_date": "2024-05-21T13:24:49Z",
            "description": "",
            "force_detach_policies": false,
            "id": "aws_ec2_security_group_delete_lambda",
            "inline_policy": [],
            "managed_policy_arns": [],
            "max_session_duration": 3600,
            "name": "aws_ec2_security_group_delete_lambda",
            "name_prefix": "",
            "path": "/",
            "permissions_boundary": "",
            "tags": null,
            "tags_all": {
              "environment": "pg",
              "name": "EC2 Security Group Clean-up",
              "organisation": "tombolaltd",
              "repo": "TBC",
              "team": "INFOSEC",
              "tenant": "Core"
            },
            "unique_id": "AROASAYWH6PHQ2QOGEGBF"
          },
          "sensitive_attributes": [],
          "private": "bnVsbA==",
          "dependencies": [
            "data.aws_iam_policy_document.assume_role"
          ]
        }
      ]
    },
    {
      "mode": "managed",
      "type": "aws_iam_role_policy_attachment",
      "name": "aws_ec2_security_group_delete_lambda",
      "provider": "provider[\"registry.terraform.io/hashicorp/aws\"]",
      "instances": [
        {
          "schema_version": 0,
          "attributes": {
            "id": "aws_ec2_security_group_delete_lambda-20240521132449791000000001",
            "policy_arn": "arn:aws:iam::139096224719:policy/aws_ec2_security_group_delete",
            "role": "aws_ec2_security_group_delete_lambda"
          },
          "sensitive_attributes": [],
          "private": "bnVsbA==",
          "dependencies": [
            "aws_iam_policy.aws_ec2_security_group_delete_lambda",
            "aws_iam_role.aws_ec2_security_group_delete_lambda",
            "data.aws_iam_policy_document.assume_role",
            "data.aws_iam_policy_document.aws_ec2_security_group_delete_lambda"
          ]
        }
      ]
    },
    {
      "mode": "managed",
      "type": "aws_lambda_function",
      "name": "aws_ec2_security_group_delete",
      "provider": "provider[\"registry.terraform.io/hashicorp/aws\"]",
      "instances": [
        {
          "schema_version": 0,
          "attributes": {
            "architectures": [
              "x86_64"
            ],
            "arn": "arn:aws:lambda:eu-west-1:139096224719:function:aws_ec2_security_group_delete",
            "code_signing_config_arn": "",
            "dead_letter_config": [],
            "description": "",
            "environment": [],
            "ephemeral_storage": [
              {
                "size": 512
              }
            ],
            "file_system_config": [],
            "filename": "./tmp/aws_ec2_security_group_delete.zip",
            "function_name": "aws_ec2_security_group_delete",
            "handler": "main.delete_all_security_groups",
            "id": "aws_ec2_security_group_delete",
            "image_config": [],
            "image_uri": "",
            "invoke_arn": "arn:aws:apigateway:eu-west-1:lambda:path/2015-03-31/functions/arn:aws:lambda:eu-west-1:139096224719:function:aws_ec2_security_group_delete/invocations",
            "kms_key_arn": "",
            "last_modified": "2024-05-21T13:24:57.880+0000",
            "layers": null,
            "logging_config": [
              {
                "application_log_level": "",
                "log_format": "Text",
                "log_group": "/aws/lambda/aws_ec2_security_group_delete",
                "system_log_level": ""
              }
            ],
            "memory_size": 128,
            "package_type": "Zip",
            "publish": false,
            "qualified_arn": "arn:aws:lambda:eu-west-1:139096224719:function:aws_ec2_security_group_delete:$LATEST",
            "qualified_invoke_arn": "arn:aws:apigateway:eu-west-1:lambda:path/2015-03-31/functions/arn:aws:lambda:eu-west-1:139096224719:function:aws_ec2_security_group_delete:$LATEST/invocations",
            "replace_security_groups_on_destroy": null,
            "replacement_security_group_ids": null,
            "reserved_concurrent_executions": -1,
            "role": "arn:aws:iam::139096224719:role/aws_ec2_security_group_delete_lambda",
            "runtime": "python3.11",
            "s3_bucket": null,
            "s3_key": null,
            "s3_object_version": null,
            "signing_job_arn": "",
            "signing_profile_version_arn": "",
            "skip_destroy": false,
            "snap_start": [],
            "source_code_hash": "rqLF1Hpv7IOQwuj2jkTq/pI1GohoT+LKt5NHK9nA63c=",
            "source_code_size": 764,
            "tags": null,
            "tags_all": {
              "environment": "pg",
              "name": "EC2 Security Group Clean-up",
              "organisation": "tombolaltd",
              "repo": "TBC",
              "team": "INFOSEC",
              "tenant": "Core"
            },
            "timeout": 60,
            "timeouts": null,
            "tracing_config": [
              {
                "mode": "PassThrough"
              }
            ],
            "version": "$LATEST",
            "vpc_config": []
          },
          "sensitive_attributes": [],
          "private": "eyJlMmJmYjczMC1lY2FhLTExZTYtOGY4OC0zNDM2M2JjN2M0YzAiOnsiY3JlYXRlIjo2MDAwMDAwMDAwMDAsImRlbGV0ZSI6NjAwMDAwMDAwMDAwLCJ1cGRhdGUiOjYwMDAwMDAwMDAwMH19",
          "dependencies": [
            "aws_iam_role.aws_ec2_security_group_delete_lambda",
            "data.archive_file.aws_ec2_security_group_lambda",
            "data.aws_iam_policy_document.assume_role"
          ]
        }
      ]
    },
    {
      "mode": "managed",
      "type": "aws_lambda_permission",
      "name": "allow_eventbridge_ec2_security_group",
      "provider": "provider[\"registry.terraform.io/hashicorp/aws\"]",
      "instances": [
        {
          "schema_version": 0,
          "attributes": {
            "action": "lambda:InvokeFunction",
            "event_source_token": null,
            "function_name": "aws_ec2_security_group_delete",
            "function_url_auth_type": null,
            "id": "AllowExecutionFromEventBridge",
            "principal": "events.amazonaws.com",
            "principal_org_id": null,
            "qualifier": "",
            "source_account": null,
            "source_arn": "arn:aws:events:eu-west-1:139096224719:rule/30_days_invocation_ec2_security_group",
            "statement_id": "AllowExecutionFromEventBridge",
            "statement_id_prefix": ""
          },
          "sensitive_attributes": [],
          "private": "bnVsbA==",
          "dependencies": [
            "aws_cloudwatch_event_rule.hourly",
            "aws_iam_role.aws_ec2_security_group_delete_lambda",
            "aws_lambda_function.aws_ec2_security_group_delete",
            "data.archive_file.aws_ec2_security_group_lambda",
            "data.aws_iam_policy_document.assume_role"
          ]
        }
      ]
    }
  ],
  "check_results": null
}
